
Microsoft Visual Studio Solution File, Format Version 12.00
# Visual Studio 2013
VisualStudioVersion = 12.0.40629.0
MinimumVisualStudioVersion = 10.0.40219.1
Project("{FAE04EC0-301F-11D3-BF4B-00C04F79EFBC}") = "TheGridSearch", "TheGridSearch\TheGridSearch.csproj", "{28EBB8F6-5FE5-44C6-8A27-EA34DD316D56}"
EndProject
Project("{FAE04EC0-301F-11D3-BF4B-00C04F79EFBC}") = "Pangrams", "Pangrams\Pangrams.csproj", "{3B6045CC-E125-47FC-88EB-8BE661FF4789}"
EndProject
Project("{FAE04EC0-301F-11D3-BF4B-00C04F79EFBC}") = "Gemstones", "Gemstones\Gemstones.csproj", "{2D536D46-4374-4F1C-87D8-729E1F8CA3B6}"
EndProject
Project("{FAE04EC0-301F-11D3-BF4B-00C04F79EFBC}") = "InsertionSort", "InsertionSort\InsertionSort.csproj", "{76D6819E-0342-4328-B753-8AAA101CA8B9}"
EndProject
Project("{FAE04EC0-301F-11D3-BF4B-00C04F79EFBC}") = "Quicksort", "Quicksort\Quicksort.csproj", "{0CA49EBB-3A8D-44CE-B0E0-C21F2803DE89}"
EndProject
Project("{FAE04EC0-301F-11D3-BF4B-00C04F79EFBC}") = "SortWords", "SortWords\SortWords.csproj", "{A39C2B96-A0E6-4236-AD96-9EDC270AD26F}"
EndProject
Project("{FAE04EC0-301F-11D3-BF4B-00C04F79EFBC}") = "RunningTimeOfQuicksort", "RunningTimeOfQuicksort\RunningTimeOfQuicksort.csproj", "{4CE6C7D2-E738-4664-AC94-FB463BE936AD}"
EndProject
Project("{FAE04EC0-301F-11D3-BF4B-00C04F79EFBC}") = "CountingSort1", "CountingSort1\CountingSort1.csproj", "{35F60A28-FEA8-4115-BE30-69969B4489D7}"
EndProject
Project("{FAE04EC0-301F-11D3-BF4B-00C04F79EFBC}") = "CountingSort2", "CountingSort2\CountingSort2.csproj", "{EFFED21F-FA41-4961-8D30-1F76A605DC9C}"
EndProject
Project("{FAE04EC0-301F-11D3-BF4B-00C04F79EFBC}") = "CountingSort3", "CountingSort3\CountingSort3.csproj", "{F3C1A2E7-06B8-4764-8648-094E787D7D36}"
EndProject
Project("{FAE04EC0-301F-11D3-BF4B-00C04F79EFBC}") = "FullCountingSort", "FullCountingSort\FullCountingSort.csproj", "{EDAA43C9-3A2D-4A9F-9CB6-F8CF9B6C4190}"
EndProject
Project("{FAE04EC0-301F-11D3-BF4B-00C04F79EFBC}") = "ClosestNumbers", "ClosestNumbers\ClosestNumbers.csproj", "{F9DCAB7F-64DD-47CA-B173-B00BA9A05F64}"
EndProject
Project("{FAE04EC0-301F-11D3-BF4B-00C04F79EFBC}") = "Search.SherlockAndArray", "Search.SherlockAndArray\Search.SherlockAndArray.csproj", "{C691C813-580C-4143-A158-5C8635399126}"
EndProject
Project("{2150E333-8FDC-42A3-9474-1A3956D46DE8}") = "DynamicProgramming", "DynamicProgramming", "{AB856F49-00E9-4F10-8047-AF255F7101C3}"
EndProject
Project("{FAE04EC0-301F-11D3-BF4B-00C04F79EFBC}") = "FibonacciModified", "FibonacciModified\FibonacciModified.csproj", "{2FF1F316-8122-40A7-9848-1E976EA879CB}"
EndProject
Project("{2150E333-8FDC-42A3-9474-1A3956D46DE8}") = "Algorythms", "Algorythms", "{4CB815E2-6C88-408C-9E20-8E1D9EF2A26D}"
EndProject
Project("{FAE04EC0-301F-11D3-BF4B-00C04F79EFBC}") = "CoinChange", "CoinChange\CoinChange.csproj", "{F5996A41-5433-4C98-836C-4B879F43BAAA}"
EndProject
Project("{FAE04EC0-301F-11D3-BF4B-00C04F79EFBC}") = "CoinChange2", "CoinChange2\CoinChange2.csproj", "{5327A619-FA7B-4F9F-B1D3-B3DEE1FE9E6B}"
EndProject
Project("{2150E333-8FDC-42A3-9474-1A3956D46DE8}") = "GraphTheory", "GraphTheory", "{29428942-DD37-435E-AC08-8024A93DD107}"
EndProject
Project("{FAE04EC0-301F-11D3-BF4B-00C04F79EFBC}") = "SortestReach", "GraphTheory\SortestReach\SortestReach.csproj", "{C9FCECF2-254E-4BD2-A0B3-27B492CDE160}"
EndProject
Project("{FAE04EC0-301F-11D3-BF4B-00C04F79EFBC}") = "DijkstraShortestReach2", "DijkstraShortestReach2\DijkstraShortestReach2.csproj", "{5F45584E-D158-4127-AAA7-42FB5CD50090}"
EndProject
Project("{FAE04EC0-301F-11D3-BF4B-00C04F79EFBC}") = "PrimsSpecialSubtree", "PrimsSpecialSubtree\PrimsSpecialSubtree.csproj", "{B9AA2FEA-E15B-4FB0-A777-4E9DD6D9618A}"
EndProject
Project("{FAE04EC0-301F-11D3-BF4B-00C04F79EFBC}") = "UtopianTree", "UtopianTree\UtopianTree.csproj", "{8554A4D9-B812-44D8-874A-B37C8D0A0C8E}"
EndProject
Project("{FAE04EC0-301F-11D3-BF4B-00C04F79EFBC}") = "Greedy.JimAndOrders", "Greedy.JimAndOrders\Greedy.JimAndOrders.csproj", "{73C0997D-DEFC-483E-8BB9-A1989D151D36}"
EndProject
Project("{FAE04EC0-301F-11D3-BF4B-00C04F79EFBC}") = "Greedy.AlgorithmicCrush", "Greedy.AlgorithmicCrush\Greedy.AlgorithmicCrush.csproj", "{070D2F5F-BC3E-4460-87EB-E403EE440F1E}"
EndProject
Global
	GlobalSection(SolutionConfigurationPlatforms) = preSolution
		Debug|Any CPU = Debug|Any CPU
		Release|Any CPU = Release|Any CPU
	EndGlobalSection
	GlobalSection(ProjectConfigurationPlatforms) = postSolution
		{28EBB8F6-5FE5-44C6-8A27-EA34DD316D56}.Debug|Any CPU.ActiveCfg = Debug|Any CPU
		{28EBB8F6-5FE5-44C6-8A27-EA34DD316D56}.Debug|Any CPU.Build.0 = Debug|Any CPU
		{28EBB8F6-5FE5-44C6-8A27-EA34DD316D56}.Release|Any CPU.ActiveCfg = Release|Any CPU
		{28EBB8F6-5FE5-44C6-8A27-EA34DD316D56}.Release|Any CPU.Build.0 = Release|Any CPU
		{3B6045CC-E125-47FC-88EB-8BE661FF4789}.Debug|Any CPU.ActiveCfg = Debug|Any CPU
		{3B6045CC-E125-47FC-88EB-8BE661FF4789}.Debug|Any CPU.Build.0 = Debug|Any CPU
		{3B6045CC-E125-47FC-88EB-8BE661FF4789}.Release|Any CPU.ActiveCfg = Release|Any CPU
		{3B6045CC-E125-47FC-88EB-8BE661FF4789}.Release|Any CPU.Build.0 = Release|Any CPU
		{2D536D46-4374-4F1C-87D8-729E1F8CA3B6}.Debug|Any CPU.ActiveCfg = Debug|Any CPU
		{2D536D46-4374-4F1C-87D8-729E1F8CA3B6}.Debug|Any CPU.Build.0 = Debug|Any CPU
		{2D536D46-4374-4F1C-87D8-729E1F8CA3B6}.Release|Any CPU.ActiveCfg = Release|Any CPU
		{2D536D46-4374-4F1C-87D8-729E1F8CA3B6}.Release|Any CPU.Build.0 = Release|Any CPU
		{76D6819E-0342-4328-B753-8AAA101CA8B9}.Debug|Any CPU.ActiveCfg = Debug|Any CPU
		{76D6819E-0342-4328-B753-8AAA101CA8B9}.Debug|Any CPU.Build.0 = Debug|Any CPU
		{76D6819E-0342-4328-B753-8AAA101CA8B9}.Release|Any CPU.ActiveCfg = Release|Any CPU
		{76D6819E-0342-4328-B753-8AAA101CA8B9}.Release|Any CPU.Build.0 = Release|Any CPU
		{0CA49EBB-3A8D-44CE-B0E0-C21F2803DE89}.Debug|Any CPU.ActiveCfg = Debug|Any CPU
		{0CA49EBB-3A8D-44CE-B0E0-C21F2803DE89}.Debug|Any CPU.Build.0 = Debug|Any CPU
		{0CA49EBB-3A8D-44CE-B0E0-C21F2803DE89}.Release|Any CPU.ActiveCfg = Release|Any CPU
		{0CA49EBB-3A8D-44CE-B0E0-C21F2803DE89}.Release|Any CPU.Build.0 = Release|Any CPU
		{A39C2B96-A0E6-4236-AD96-9EDC270AD26F}.Debug|Any CPU.ActiveCfg = Debug|Any CPU
		{A39C2B96-A0E6-4236-AD96-9EDC270AD26F}.Debug|Any CPU.Build.0 = Debug|Any CPU
		{A39C2B96-A0E6-4236-AD96-9EDC270AD26F}.Release|Any CPU.ActiveCfg = Release|Any CPU
		{A39C2B96-A0E6-4236-AD96-9EDC270AD26F}.Release|Any CPU.Build.0 = Release|Any CPU
		{4CE6C7D2-E738-4664-AC94-FB463BE936AD}.Debug|Any CPU.ActiveCfg = Debug|Any CPU
		{4CE6C7D2-E738-4664-AC94-FB463BE936AD}.Debug|Any CPU.Build.0 = Debug|Any CPU
		{4CE6C7D2-E738-4664-AC94-FB463BE936AD}.Release|Any CPU.ActiveCfg = Release|Any CPU
		{4CE6C7D2-E738-4664-AC94-FB463BE936AD}.Release|Any CPU.Build.0 = Release|Any CPU
		{35F60A28-FEA8-4115-BE30-69969B4489D7}.Debug|Any CPU.ActiveCfg = Debug|Any CPU
		{35F60A28-FEA8-4115-BE30-69969B4489D7}.Debug|Any CPU.Build.0 = Debug|Any CPU
		{35F60A28-FEA8-4115-BE30-69969B4489D7}.Release|Any CPU.ActiveCfg = Release|Any CPU
		{35F60A28-FEA8-4115-BE30-69969B4489D7}.Release|Any CPU.Build.0 = Release|Any CPU
		{EFFED21F-FA41-4961-8D30-1F76A605DC9C}.Debug|Any CPU.ActiveCfg = Debug|Any CPU
		{EFFED21F-FA41-4961-8D30-1F76A605DC9C}.Debug|Any CPU.Build.0 = Debug|Any CPU
		{EFFED21F-FA41-4961-8D30-1F76A605DC9C}.Release|Any CPU.ActiveCfg = Release|Any CPU
		{EFFED21F-FA41-4961-8D30-1F76A605DC9C}.Release|Any CPU.Build.0 = Release|Any CPU
		{F3C1A2E7-06B8-4764-8648-094E787D7D36}.Debug|Any CPU.ActiveCfg = Debug|Any CPU
		{F3C1A2E7-06B8-4764-8648-094E787D7D36}.Debug|Any CPU.Build.0 = Debug|Any CPU
		{F3C1A2E7-06B8-4764-8648-094E787D7D36}.Release|Any CPU.ActiveCfg = Release|Any CPU
		{F3C1A2E7-06B8-4764-8648-094E787D7D36}.Release|Any CPU.Build.0 = Release|Any CPU
		{EDAA43C9-3A2D-4A9F-9CB6-F8CF9B6C4190}.Debug|Any CPU.ActiveCfg = Debug|Any CPU
		{EDAA43C9-3A2D-4A9F-9CB6-F8CF9B6C4190}.Debug|Any CPU.Build.0 = Debug|Any CPU
		{EDAA43C9-3A2D-4A9F-9CB6-F8CF9B6C4190}.Release|Any CPU.ActiveCfg = Release|Any CPU
		{EDAA43C9-3A2D-4A9F-9CB6-F8CF9B6C4190}.Release|Any CPU.Build.0 = Release|Any CPU
		{F9DCAB7F-64DD-47CA-B173-B00BA9A05F64}.Debug|Any CPU.ActiveCfg = Debug|Any CPU
		{F9DCAB7F-64DD-47CA-B173-B00BA9A05F64}.Debug|Any CPU.Build.0 = Debug|Any CPU
		{F9DCAB7F-64DD-47CA-B173-B00BA9A05F64}.Release|Any CPU.ActiveCfg = Release|Any CPU
		{F9DCAB7F-64DD-47CA-B173-B00BA9A05F64}.Release|Any CPU.Build.0 = Release|Any CPU
		{C691C813-580C-4143-A158-5C8635399126}.Debug|Any CPU.ActiveCfg = Debug|Any CPU
		{C691C813-580C-4143-A158-5C8635399126}.Debug|Any CPU.Build.0 = Debug|Any CPU
		{C691C813-580C-4143-A158-5C8635399126}.Release|Any CPU.ActiveCfg = Release|Any CPU
		{C691C813-580C-4143-A158-5C8635399126}.Release|Any CPU.Build.0 = Release|Any CPU
		{2FF1F316-8122-40A7-9848-1E976EA879CB}.Debug|Any CPU.ActiveCfg = Debug|Any CPU
		{2FF1F316-8122-40A7-9848-1E976EA879CB}.Debug|Any CPU.Build.0 = Debug|Any CPU
		{2FF1F316-8122-40A7-9848-1E976EA879CB}.Release|Any CPU.ActiveCfg = Release|Any CPU
		{2FF1F316-8122-40A7-9848-1E976EA879CB}.Release|Any CPU.Build.0 = Release|Any CPU
		{F5996A41-5433-4C98-836C-4B879F43BAAA}.Debug|Any CPU.ActiveCfg = Debug|Any CPU
		{F5996A41-5433-4C98-836C-4B879F43BAAA}.Debug|Any CPU.Build.0 = Debug|Any CPU
		{F5996A41-5433-4C98-836C-4B879F43BAAA}.Release|Any CPU.ActiveCfg = Release|Any CPU
		{F5996A41-5433-4C98-836C-4B879F43BAAA}.Release|Any CPU.Build.0 = Release|Any CPU
		{5327A619-FA7B-4F9F-B1D3-B3DEE1FE9E6B}.Debug|Any CPU.ActiveCfg = Debug|Any CPU
		{5327A619-FA7B-4F9F-B1D3-B3DEE1FE9E6B}.Debug|Any CPU.Build.0 = Debug|Any CPU
		{5327A619-FA7B-4F9F-B1D3-B3DEE1FE9E6B}.Release|Any CPU.ActiveCfg = Release|Any CPU
		{5327A619-FA7B-4F9F-B1D3-B3DEE1FE9E6B}.Release|Any CPU.Build.0 = Release|Any CPU
		{C9FCECF2-254E-4BD2-A0B3-27B492CDE160}.Debug|Any CPU.ActiveCfg = Debug|Any CPU
		{C9FCECF2-254E-4BD2-A0B3-27B492CDE160}.Debug|Any CPU.Build.0 = Debug|Any CPU
		{C9FCECF2-254E-4BD2-A0B3-27B492CDE160}.Release|Any CPU.ActiveCfg = Release|Any CPU
		{C9FCECF2-254E-4BD2-A0B3-27B492CDE160}.Release|Any CPU.Build.0 = Release|Any CPU
		{5F45584E-D158-4127-AAA7-42FB5CD50090}.Debug|Any CPU.ActiveCfg = Debug|Any CPU
		{5F45584E-D158-4127-AAA7-42FB5CD50090}.Debug|Any CPU.Build.0 = Debug|Any CPU
		{5F45584E-D158-4127-AAA7-42FB5CD50090}.Release|Any CPU.ActiveCfg = Release|Any CPU
		{5F45584E-D158-4127-AAA7-42FB5CD50090}.Release|Any CPU.Build.0 = Release|Any CPU
		{B9AA2FEA-E15B-4FB0-A777-4E9DD6D9618A}.Debug|Any CPU.ActiveCfg = Debug|Any CPU
		{B9AA2FEA-E15B-4FB0-A777-4E9DD6D9618A}.Debug|Any CPU.Build.0 = Debug|Any CPU
		{B9AA2FEA-E15B-4FB0-A777-4E9DD6D9618A}.Release|Any CPU.ActiveCfg = Release|Any CPU
		{B9AA2FEA-E15B-4FB0-A777-4E9DD6D9618A}.Release|Any CPU.Build.0 = Release|Any CPU
		{8554A4D9-B812-44D8-874A-B37C8D0A0C8E}.Debug|Any CPU.ActiveCfg = Debug|Any CPU
		{8554A4D9-B812-44D8-874A-B37C8D0A0C8E}.Debug|Any CPU.Build.0 = Debug|Any CPU
		{8554A4D9-B812-44D8-874A-B37C8D0A0C8E}.Release|Any CPU.ActiveCfg = Release|Any CPU
		{8554A4D9-B812-44D8-874A-B37C8D0A0C8E}.Release|Any CPU.Build.0 = Release|Any CPU
		{73C0997D-DEFC-483E-8BB9-A1989D151D36}.Debug|Any CPU.ActiveCfg = Debug|Any CPU
		{73C0997D-DEFC-483E-8BB9-A1989D151D36}.Debug|Any CPU.Build.0 = Debug|Any CPU
		{73C0997D-DEFC-483E-8BB9-A1989D151D36}.Release|Any CPU.ActiveCfg = Release|Any CPU
		{73C0997D-DEFC-483E-8BB9-A1989D151D36}.Release|Any CPU.Build.0 = Release|Any CPU
		{070D2F5F-BC3E-4460-87EB-E403EE440F1E}.Debug|Any CPU.ActiveCfg = Debug|Any CPU
		{070D2F5F-BC3E-4460-87EB-E403EE440F1E}.Debug|Any CPU.Build.0 = Debug|Any CPU
		{070D2F5F-BC3E-4460-87EB-E403EE440F1E}.Release|Any CPU.ActiveCfg = Release|Any CPU
		{070D2F5F-BC3E-4460-87EB-E403EE440F1E}.Release|Any CPU.Build.0 = Release|Any CPU
	EndGlobalSection
	GlobalSection(SolutionProperties) = preSolution
		HideSolutionNode = FALSE
	EndGlobalSection
	GlobalSection(NestedProjects) = preSolution
		{28EBB8F6-5FE5-44C6-8A27-EA34DD316D56} = {4CB815E2-6C88-408C-9E20-8E1D9EF2A26D}
		{3B6045CC-E125-47FC-88EB-8BE661FF4789} = {4CB815E2-6C88-408C-9E20-8E1D9EF2A26D}
		{2D536D46-4374-4F1C-87D8-729E1F8CA3B6} = {4CB815E2-6C88-408C-9E20-8E1D9EF2A26D}
		{76D6819E-0342-4328-B753-8AAA101CA8B9} = {4CB815E2-6C88-408C-9E20-8E1D9EF2A26D}
		{0CA49EBB-3A8D-44CE-B0E0-C21F2803DE89} = {4CB815E2-6C88-408C-9E20-8E1D9EF2A26D}
		{A39C2B96-A0E6-4236-AD96-9EDC270AD26F} = {4CB815E2-6C88-408C-9E20-8E1D9EF2A26D}
		{4CE6C7D2-E738-4664-AC94-FB463BE936AD} = {4CB815E2-6C88-408C-9E20-8E1D9EF2A26D}
		{35F60A28-FEA8-4115-BE30-69969B4489D7} = {4CB815E2-6C88-408C-9E20-8E1D9EF2A26D}
		{EFFED21F-FA41-4961-8D30-1F76A605DC9C} = {4CB815E2-6C88-408C-9E20-8E1D9EF2A26D}
		{F3C1A2E7-06B8-4764-8648-094E787D7D36} = {4CB815E2-6C88-408C-9E20-8E1D9EF2A26D}
		{EDAA43C9-3A2D-4A9F-9CB6-F8CF9B6C4190} = {4CB815E2-6C88-408C-9E20-8E1D9EF2A26D}
		{F9DCAB7F-64DD-47CA-B173-B00BA9A05F64} = {4CB815E2-6C88-408C-9E20-8E1D9EF2A26D}
		{C691C813-580C-4143-A158-5C8635399126} = {4CB815E2-6C88-408C-9E20-8E1D9EF2A26D}
		{2FF1F316-8122-40A7-9848-1E976EA879CB} = {AB856F49-00E9-4F10-8047-AF255F7101C3}
		{F5996A41-5433-4C98-836C-4B879F43BAAA} = {AB856F49-00E9-4F10-8047-AF255F7101C3}
		{5327A619-FA7B-4F9F-B1D3-B3DEE1FE9E6B} = {AB856F49-00E9-4F10-8047-AF255F7101C3}
		{C9FCECF2-254E-4BD2-A0B3-27B492CDE160} = {29428942-DD37-435E-AC08-8024A93DD107}
		{5F45584E-D158-4127-AAA7-42FB5CD50090} = {29428942-DD37-435E-AC08-8024A93DD107}
		{B9AA2FEA-E15B-4FB0-A777-4E9DD6D9618A} = {29428942-DD37-435E-AC08-8024A93DD107}
		{8554A4D9-B812-44D8-874A-B37C8D0A0C8E} = {4CB815E2-6C88-408C-9E20-8E1D9EF2A26D}
		{73C0997D-DEFC-483E-8BB9-A1989D151D36} = {4CB815E2-6C88-408C-9E20-8E1D9EF2A26D}
		{070D2F5F-BC3E-4460-87EB-E403EE440F1E} = {4CB815E2-6C88-408C-9E20-8E1D9EF2A26D}
	EndGlobalSection
EndGlobal
